Microsoft Visual Studio Solution File, Format Version 11.00
# Visual Studio 2008

Project("{E6B1FC97-0652-1414-30F8-622BC705E9B5}") = "GrayMan-Prototype", "Assembly-CSharp-vs.csproj", "{AFA51C11-4252-A240-FC8A-CD9B10E51980}"
EndProject
Global
	GlobalSection(SolutionConfigurationPlatforms) = preSolution
		Debug|Any CPU = Debug|Any CPU
		Release|Any CPU = Release|Any CPU
	EndGlobalSection
	GlobalSection(ProjectConfigurationPlatforms) = postSolution
		{AFA51C11-4252-A240-FC8A-CD9B10E51980}.Debug|Any CPU.ActiveCfg = Debug|Any CPU
		{AFA51C11-4252-A240-FC8A-CD9B10E51980}.Debug|Any CPU.Build.0 = Debug|Any CPU
		{AFA51C11-4252-A240-FC8A-CD9B10E51980}.Release|Any CPU.ActiveCfg = Release|Any CPU
		{AFA51C11-4252-A240-FC8A-CD9B10E51980}.Release|Any CPU.Build.0 = Release|Any CPU
	EndGlobalSection
	GlobalSection(SolutionProperties) = preSolution
		HideSolutionNode = FALSE
	EndGlobalSection
												GlobalSection(MonoDevelopProperties) = preSolution
		StartupItem = Assembly-CSharp.csproj
		Policies = $0
		$0.TextStylePolicy = $1
		$1.FileWidth = 120
		$1.EolMarker = Windows
		$1.inheritsSet = VisualStudio
		$1.inheritsScope = text/plain
		$1.scope = text/x-csharp
		$0.CSharpFormattingPolicy = $2
		$2.inheritsSet = Mono
		$2.inheritsScope = text/x-csharp
		$2.scope = text/x-csharp
		$0.TextStylePolicy = $3
		$3.EolMarker = Windows
		$3.inheritsSet = VisualStudio
		$3.inheritsScope = text/plain
		$3.scope = text/plain
		$0.DotNetNamingPolicy = $4
		$4.DirectoryNamespaceAssociation = None
		$4.ResourceNamePolicy = FileFormatDefault
		$0.StandardHeader = $5
		$5.Text = 
		$5.IncludeInNewFiles = True
		$0.VersionControlPolicy = $6
		$6.inheritsSet = Mono
		$0.ChangeLogPolicy = $7
		$7.UpdateMode = None
		$7.MessageStyle = $8
		$8.LineAlign = 0
		$7.inheritsSet = Mono
		version = 0.05
	EndGlobalSection

EndGlobal
